# sha256 of vendored templates at vendor time (source: agentile/.agentile/templates)
# regenerate ONLY after re-vendoring from the skeleton: shasum -a 256 plugins/*/skills/*/*_TEMPLATE.md
5c385a379c542a880cfbb06589609fe5993d1b2815d72ce6f27027354f2d5179  plugins/agentile/skills/agentile/DAILY_TEMPLATE.md
4d65c870bc1db4cb79ee8b04a2177d03685cfc0f212739f257197ad8a3873f09  plugins/agentile/skills/agentile/SPRINT_TEMPLATE.md
259219d7b774d77b823a478a013d14b66677ed981d64173c7d78d0ac835af7e2  plugins/agentile/skills/case-study/CASE_STUDY_TEMPLATE.md
464a6e6258628fe3938bf37581040d6ff86da7bcdcb92a7bd157a78fef6ff2c8  plugins/agentile/skills/essay/ESSAY_TEMPLATE.md
62aa9192e698f515a7d7acdde28f813417a1a7d759ea1f3922b39a9fda165665  plugins/agentile/skills/journal/JOURNAL_TEMPLATE.md
1bfe58998e9b48e845390b657f8aaec546e1de7db4f58e4f1b530c48988faef9  plugins/agentile/skills/planset/ADR_TEMPLATE.md
24370a59f5536accbe10eaa4de46435f5189bd92ffa3488f4ba46a2bd4445eb7  plugins/agentile/skills/retro/RETRO_TEMPLATE.md
